
Microsoft Visual Studio Solution File, Format Version 12.00
# Visual Studio Version 16
VisualStudioVersion = 16.0.32929.386
MinimumVisualStudioVersion = 10.0.40219.1
Project("{FAE04EC0-301F-11D3-BF4B-00C04F79EFBC}") = "CalculatorApp1", "CalculatorApp1\CalculatorApp1.csproj", "{8EC51FA5-8B64-40A3-A370-C6416CFCEF98}"
EndProject
Global
	GlobalSection(SolutionConfigurationPlatforms) = preSolution
		Debug|Any CPU = Debug|Any CPU
		Release|Any CPU = Release|Any CPU
	EndGlobalSection
	GlobalSection(ProjectConfigurationPlatforms) = postSolution
		{8EC51FA5-8B64-40A3-A370-C6416CFCEF98}.Debug|Any CPU.ActiveCfg = Debug|Any CPU
		{8EC51FA5-8B64-40A3-A370-C6416CFCEF98}.Debug|Any CPU.Build.0 = Debug|Any CPU
		{8EC51FA5-8B64-40A3-A370-C6416CFCEF98}.Release|Any CPU.ActiveCfg = Release|Any CPU
		{8EC51FA5-8B64-40A3-A370-C6416CFCEF98}.Release|Any CPU.Build.0 = Release|Any CPU
	EndGlobalSection
	GlobalSection(SolutionProperties) = preSolution
		HideSolutionNode = FALSE
	EndGlobalSection
	GlobalSection(ExtensibilityGlobals) = postSolution
		SolutionGuid = {9EA39F4E-EEA1-4687-A258-94C02EFCF89B}
	EndGlobalSection
EndGlobal
